
Microsoft Visual Studio Solution File, Format Version 12.00
# Visual Studio Version 17
VisualStudioVersion = 17.5.33516.290
MinimumVisualStudioVersion = 10.0.40219.1
Project("{FAE04EC0-301F-11D3-BF4B-00C04F79EFBC}") = "Senac11", "Senac11\Senac11.csproj", "{FA59FD32-0A45-4FC2-BF44-A531B2E54D61}"
EndProject
Global
	GlobalSection(SolutionConfigurationPlatforms) = preSolution
		Debug|Any CPU = Debug|Any CPU
		Release|Any CPU = Release|Any CPU
	EndGlobalSection
	GlobalSection(ProjectConfigurationPlatforms) = postSolution
		{FA59FD32-0A45-4FC2-BF44-A531B2E54D61}.Debug|Any CPU.ActiveCfg = Debug|Any CPU
		{FA59FD32-0A45-4FC2-BF44-A531B2E54D61}.Debug|Any CPU.Build.0 = Debug|Any CPU
		{FA59FD32-0A45-4FC2-BF44-A531B2E54D61}.Release|Any CPU.ActiveCfg = Release|Any CPU
		{FA59FD32-0A45-4FC2-BF44-A531B2E54D61}.Release|Any CPU.Build.0 = Release|Any CPU
	EndGlobalSection
	GlobalSection(SolutionProperties) = preSolution
		HideSolutionNode = FALSE
	EndGlobalSection
	GlobalSection(ExtensibilityGlobals) = postSolution
		SolutionGuid = {5E2B69D1-44B2-4B97-B7DB-246811DFE2F0}
	EndGlobalSection
EndGlobal
